{
  "version": 4,
  "terraform_version": "1.9.8",
  "serial": 1,
  "lineage": "6dcfd1bf-4d06-6472-ff1e-799bc9801c24",
  "outputs": {},
  "resources": [
    {
      "mode": "managed",
      "type": "spotify_playlist",
      "name": "Songs",
      "provider": "provider[\"registry.terraform.io/conradludgate/spotify\"]",
      "instances": [
        {
          "schema_version": 0,
          "attributes": {
            "description": null,
            "id": "09tjkqPIL34QC9XeAbJrdt",
            "name": "Songs",
            "public": true,
            "snapshot_id": "AAAAAj+4qsFUDos/mcxx6b8yECzauQhV",
            "tracks": [
              "7igpahReLzGbhI2XiokrXQ"
            ]
          },
          "sensitive_attributes": [],
          "private": "bnVsbA=="
        }
      ]
    }
  ],
  "check_results": null
}
